{
  "version": 4,
  "terraform_version": "1.5.1",
  "serial": 160,
  "lineage": "0af9e3f7-a078-861f-dfa0-bf067fd26f39",
  "outputs": {
    "instance_fip": {
      "value": "89.208.210.19",
      "type": "string"
    },
    "private_key2": {
      "value": "-----BEGIN RSA PRIVATE KEY-----\nMIIEpQIBAAKCAQEA0kydm6xaFnA2S0iNeS774k4pj/DKWLCFzf9Y0guM6RyZtl6p\nfB/A55Rxb3eCJUoY2zQZWHrsA9w+d+/VqSftnn96uWWmwmm9qDrJnKpIKhI0NnBI\nvVvnAzWYSJbOcP/XjIWZ+buuPELTIhdef1onhNHAChvhaDVs0HNH0V/RkMpGULjN\n26uG/crQbLKX1e+sqeMYQeP7tsm+wJC9K0EH/dMnzzJWbz/o+GfDgbKvOI84NaCh\nf8sYNR1qb4zVPJbdkvjYnrQQ+lH6wkQB0VPfIjMNQRKfFVWHVQCbpJGw6/MYZBe9\nsAd9IR5mKsi+LBaUaMNRbiAGTu+eGsW1cj2eMwIDAQABAoIBAQCCpUo8jeQhkHCK\ncHZDVKbyvnAflg1+75sQkJOTWc2efEAaBdDw5aEnvRaDkxDtLY0nkMQ2LZc2Brtg\nM0TfI4kBMF0DlFz25k4Glw7tHvRZ/pklQLhPuypW2hLS9a0mkipMiCtR9ACYO0OD\nKFVydIWcg9nz7cIoxRfmn9d8ATTl50MQEhpZTHSN/p5TDQ5XJ9EL5nW0n9JRLAHC\nT2LGAS3WoZqKOIQL1hUzF2fqV+vNqSwY4iQTOZmvPcKEf6mTLZ/scJOWFSLZ43zL\n0X9ggHo7c+Zvf3B/pSUwfzt1nITtMJxLeKrcdNKJQ8sMXz5jtmj4mX6mlFtWD2la\nHaDDJSdRAoGBAPMj0U+DoqoMBJ1ylGX/bqDYQgoa9k8g70PkkkW9rAlSwDacUDSP\nNtAUwppLivBU++JhYGxWtAD6GwvnpIj+I12Iq4foHxLG0KbA42OKttfZA2t6d+3o\nBs71pgni8FU45ZnO2y/VGT6o5MhjZ9oJifD4DuuTd/5puylucFAIwmuPAoGBAN1s\nIG7RHotQWO2prRtWxgJTfLOwgfV3hOw5yaR6OIC2hW9biIrnWoralkPl/L+/KcpX\nTINYtzv+/WDX2VHlzHpHvi4zqo3biYkg9x1Z/kIAX3hONPszyUA6Z3wVW7lgWKyY\npqoRTyhJLY3uwCiXEbVXaZDMkMEKzRA/fHmxBiEdAoGBAKlEYT6C/OZ3UWsvToKn\nziOqCmewl5NE8W2Jng9xWWhwNKKQNgIxRc6c9VGnj8V61JSoiBFEVzJq7BNgo5o/\nmu1N7WTDQ4a15KKCnIs7Ecm5KflUHFQC+WJxf7NYS0p5PtbSPKPTLi0CNawQEEep\n5l9cwj5cvufeQc85NHVzc66fAoGAfgqg47QSiQcxuAgQTDG3AXf40mi1cb+ZYMb8\na65PH6XGiz81mKxdtBD93KS8nYH6Df5nxZToqTRbk5cLVD1Vin3wWmh6u8munuqv\nAHxL6dJAhkEuk5hFBVS5t76IuhuIHqe+p6y2vJ37WoH/zJtCL1IU+6IW/Gxjks4w\n0yzb6lkCgYEA7lx8JmupOi7Z+zft5hGVMKETVAUOdZFVMhtj9UTo+7Q2LzJo8SUS\nMET2nJUBAXRYry8DaK/BDH/RWJuvFmhUoQTU52ZThwIrvpTX2TR16KWnoVehaC+W\n4DsLcxANAKFNEGWrk+xf+jybh3z5lpJFqPU04RyCCnGSekMBaloFS0Q=\n-----END RSA PRIVATE KEY-----\n",
      "type": "string"
    },
    "public_key2": {
      "value": "ssh-rsa AAAAB3NzaC1yc2EAAAADAQABAAABAQDSTJ2brFoWcDZLSI15LvviTimP8MpYsIXN/1jSC4zpHJm2Xql8H8DnlHFvd4IlShjbNBlYeuwD3D5379WpJ+2ef3q5ZabCab2oOsmcqkgqEjQ2cEi9W+cDNZhIls5w/9eMhZn5u648QtMiF15/WieE0cAKG+FoNWzQc0fRX9GQykZQuM3bq4b9ytBsspfV76yp4xhB4/u2yb7AkL0rQQf90yfPMlZvP+j4Z8OBsq84jzg1oKF/yxg1HWpvjNU8lt2S+NietBD6UfrCRAHRU98iMw1BEp8VVYdVAJukkbDr8xhkF72wB30hHmYqyL4sFpRow1FuIAZO754axbVyPZ4z Generated-by-Nova",
      "type": "string"
    },
    "router_ip": {
      "value": "126e5b55-5fe3-4846-b9aa-b77c3111c2fc",
      "type": "string"
    }
  },
  "resources": [
    {
      "mode": "data",
      "type": "vkcs_compute_flavor",
      "name": "compute",
      "provider": "provider[\"registry.terraform.io/vk-cs/vkcs\"]",
      "instances": [
        {
          "schema_version": 0,
          "attributes": {
            "disk": 20,
            "extra_specs": {
              "agg_common": "true",
              "hw:cpu_sockets": "1",
              "mcs:cpu_type": "standard"
            },
            "flavor_id": "25ae869c-be29-4840-8e12-99e046d2dbd4",
            "id": "25ae869c-be29-4840-8e12-99e046d2dbd4",
            "is_public": true,
            "min_disk": null,
            "min_ram": null,
            "name": "Basic-1-2-20",
            "ram": 2048,
            "region": null,
            "rx_tx_factor": 1,
            "swap": 0,
            "vcpus": 1
          },
          "sensitive_attributes": []
        }
      ]
    },
    {
      "mode": "data",
      "type": "vkcs_images_image",
      "name": "compute",
      "provider": "provider[\"registry.terraform.io/vk-cs/vkcs\"]",
      "instances": [
        {
          "schema_version": 0,
          "attributes": {
            "checksum": "d6cb87d222269e3b86647ab4d9143eb7",
            "container_format": "bare",
            "created_at": "2022-11-07T09:00:31Z",
            "disk_format": "raw",
            "file": "/v2/images/8d26d45a-bd37-4990-8fae-c406ef188843/file",
            "id": "8d26d45a-bd37-4990-8fae-c406ef188843",
            "member_status": null,
            "metadata": {},
            "min_disk_gb": 0,
            "min_ram_mb": 0,
            "most_recent": false,
            "name": "Debian11.4",
            "owner": "c0c59bca22fa4818bdddc1c4b1a6fe1a",
            "properties": null,
            "protected": false,
            "region": "RegionOne",
            "schema": "/v2/schemas/image",
            "size_bytes": 2684354560,
            "size_max": null,
            "size_min": null,
            "tag": null,
            "tags": [],
            "updated_at": "2022-11-15T09:45:38Z",
            "visibility": "public"
          },
          "sensitive_attributes": []
        }
      ]
    },
    {
      "mode": "data",
      "type": "vkcs_networking_network",
      "name": "extnet",
      "provider": "provider[\"registry.terraform.io/vk-cs/vkcs\"]",
      "instances": [
        {
          "schema_version": 0,
          "attributes": {
            "admin_state_up": "true",
            "all_tags": [
              "dm.semenov",
              "rivalsec123qwerty"
            ],
            "description": "",
            "external": true,
            "id": "298117ae-3fa4-4109-9e08-8be5602be5a2",
            "matching_subnet_cidr": null,
            "name": "ext-net",
            "network_id": null,
            "private_dns_domain": "openstacklocal.",
            "region": "RegionOne",
            "sdn": "neutron",
            "shared": "true",
            "status": null,
            "subnets": [
              "01009166-1de2-413d-995c-8c2272f1bc19",
              "0dbaf324-1c17-4c51-ab6f-817a2223a097",
              "13b6afaa-a0da-4ffb-8061-f7b28d318fdf",
              "191efdda-cd5a-4327-987d-1eb1b5b32b4d",
              "1e68063b-96e0-45bc-b010-579e9aabb485",
              "1ea7f321-4ed0-4ae7-a136-a0226b9c5969",
              "2267f99b-83a5-49b6-ba19-e0cbac642583",
              "389a5241-76e3-48b9-89f5-5b0a938cf8b3",
              "41d17c6b-d2cf-4bd2-8784-f8a846656c3b",
              "489f81ad-2a0c-449d-8aed-1876ddbd7840",
              "5a66e4b1-1676-444e-94cf-eb37ac80d464",
              "62a77e13-ccc0-44b7-8cac-0567163a8a3b",
              "7f876978-01fe-43ab-8c77-7e6e32cd28c4",
              "888682e5-abdd-4274-853f-b091115cce84",
              "94640c6b-6298-40d0-8c71-6aab8716d48f",
              "aa2689f9-a208-4bf2-bed0-c20dab001467",
              "b1911f6b-9185-45fd-a0c2-424b0c9155ce",
              "b2298251-6be3-444b-b213-59c66e25346b",
              "b5502dbd-18c7-4f44-857a-5819265bbbdc",
              "be8539d5-eeff-4eaa-8048-9f7c3dbc8804",
              "be9cabcf-c5f8-4e88-9e27-c5ba80f4a638",
              "c4f89da6-529f-4a08-9df1-6b95842a07b9",
              "c6fafdba-deb7-4ad0-83fd-ec893dedfb69",
              "cbd9c937-5339-42df-b0a7-edfb2ccfee59",
              "d10ef821-cba1-476c-bcfd-582632939e80",
              "d5f70b09-6d49-445b-99f1-184d366decf6",
              "ec5d4a62-5039-460c-833f-7084a19794d2"
            ],
            "tags": null,
            "tenant_id": "c9fe9505fdde4de680679748c7cfee7e",
            "vkcs_services_access": false
          },
          "sensitive_attributes": []
        }
      ]
    },
    {
      "mode": "managed",
      "type": "vkcs_compute_floatingip_associate",
      "name": "fip",
      "provider": "provider[\"registry.terraform.io/vk-cs/vkcs\"]",
      "instances": [
        {
          "schema_version": 0,
          "attributes": {
            "fixed_ip": "",
            "floating_ip": "89.208.210.19",
            "id": "89.208.210.19/153d8bd1-cac2-4c99-9ed8-aa1f249a4c37/",
            "instance_id": "153d8bd1-cac2-4c99-9ed8-aa1f249a4c37",
            "region": "RegionOne",
            "timeouts": null,
            "wait_until_associated": null
          },
          "sensitive_attributes": [],
          "private": "eyJlMmJmYjczMC1lY2FhLTExZTYtOGY4OC0zNDM2M2JjN2M0YzAiOnsiY3JlYXRlIjo2MDAwMDAwMDAwMDB9fQ==",
          "dependencies": [
            "data.vkcs_compute_flavor.compute",
            "data.vkcs_images_image.compute",
            "data.vkcs_networking_network.extnet",
            "vkcs_compute_instance.compute",
            "vkcs_compute_keypair.keypair",
            "vkcs_networking_floatingip.fip",
            "vkcs_networking_network.network",
            "vkcs_networking_subnet.subnetwork"
          ]
        }
      ]
    },
    {
      "mode": "managed",
      "type": "vkcs_compute_instance",
      "name": "compute",
      "provider": "provider[\"registry.terraform.io/vk-cs/vkcs\"]",
      "instances": [
        {
          "schema_version": 0,
          "attributes": {
            "access_ip_v4": "192.168.20.17",
            "admin_pass": null,
            "all_metadata": {},
            "all_tags": [],
            "availability_zone": "MS1",
            "block_device": [
              {
                "boot_index": 0,
                "delete_on_termination": true,
                "destination_type": "volume",
                "device_type": "",
                "disk_bus": "",
                "guest_format": "",
                "source_type": "image",
                "uuid": "8d26d45a-bd37-4990-8fae-c406ef188843",
                "volume_size": 8,
                "volume_type": "ceph-ssd"
              }
            ],
            "config_drive": null,
            "flavor_id": "25ae869c-be29-4840-8e12-99e046d2dbd4",
            "flavor_name": "Basic-1-2-20",
            "force_delete": false,
            "id": "153d8bd1-cac2-4c99-9ed8-aa1f249a4c37",
            "image_id": "Attempt to boot from volume - no image supplied",
            "image_name": null,
            "key_pair": "test-keypair2",
            "metadata": null,
            "name": "compute-instance2",
            "network": [
              {
                "access_network": false,
                "fixed_ip_v4": "192.168.20.17",
                "mac": "fa:16:3e:df:20:37",
                "name": "net",
                "port": "",
                "uuid": "172df55d-9415-4222-aab5-fc715b43cec5"
              }
            ],
            "network_mode": null,
            "personality": [],
            "power_state": "active",
            "region": "RegionOne",
            "scheduler_hints": [],
            "security_groups": [
              "default",
              "security_group"
            ],
            "stop_before_destroy": false,
            "tags": null,
            "timeouts": null,
            "user_data": null,
            "vendor_options": []
          },
          "sensitive_attributes": [],
          "private": "eyJlMmJmYjczMC1lY2FhLTExZTYtOGY4OC0zNDM2M2JjN2M0YzAiOnsiY3JlYXRlIjoxODAwMDAwMDAwMDAwLCJkZWxldGUiOjE4MDAwMDAwMDAwMDAsInVwZGF0ZSI6MTgwMDAwMDAwMDAwMH19",
          "dependencies": [
            "data.vkcs_compute_flavor.compute",
            "data.vkcs_images_image.compute",
            "vkcs_compute_keypair.keypair",
            "vkcs_networking_network.network",
            "vkcs_networking_subnet.subnetwork"
          ]
        }
      ]
    },
    {
      "mode": "managed",
      "type": "vkcs_compute_keypair",
      "name": "keypair",
      "provider": "provider[\"registry.terraform.io/vk-cs/vkcs\"]",
      "instances": [
        {
          "schema_version": 0,
          "attributes": {
            "fingerprint": "0b:c8:72:09:9d:5b:c9:de:d0:14:09:57:b5:d9:02:26",
            "id": "test-keypair2",
            "name": "test-keypair2",
            "private_key": "-----BEGIN RSA PRIVATE KEY-----\nMIIEpQIBAAKCAQEA0kydm6xaFnA2S0iNeS774k4pj/DKWLCFzf9Y0guM6RyZtl6p\nfB/A55Rxb3eCJUoY2zQZWHrsA9w+d+/VqSftnn96uWWmwmm9qDrJnKpIKhI0NnBI\nvVvnAzWYSJbOcP/XjIWZ+buuPELTIhdef1onhNHAChvhaDVs0HNH0V/RkMpGULjN\n26uG/crQbLKX1e+sqeMYQeP7tsm+wJC9K0EH/dMnzzJWbz/o+GfDgbKvOI84NaCh\nf8sYNR1qb4zVPJbdkvjYnrQQ+lH6wkQB0VPfIjMNQRKfFVWHVQCbpJGw6/MYZBe9\nsAd9IR5mKsi+LBaUaMNRbiAGTu+eGsW1cj2eMwIDAQABAoIBAQCCpUo8jeQhkHCK\ncHZDVKbyvnAflg1+75sQkJOTWc2efEAaBdDw5aEnvRaDkxDtLY0nkMQ2LZc2Brtg\nM0TfI4kBMF0DlFz25k4Glw7tHvRZ/pklQLhPuypW2hLS9a0mkipMiCtR9ACYO0OD\nKFVydIWcg9nz7cIoxRfmn9d8ATTl50MQEhpZTHSN/p5TDQ5XJ9EL5nW0n9JRLAHC\nT2LGAS3WoZqKOIQL1hUzF2fqV+vNqSwY4iQTOZmvPcKEf6mTLZ/scJOWFSLZ43zL\n0X9ggHo7c+Zvf3B/pSUwfzt1nITtMJxLeKrcdNKJQ8sMXz5jtmj4mX6mlFtWD2la\nHaDDJSdRAoGBAPMj0U+DoqoMBJ1ylGX/bqDYQgoa9k8g70PkkkW9rAlSwDacUDSP\nNtAUwppLivBU++JhYGxWtAD6GwvnpIj+I12Iq4foHxLG0KbA42OKttfZA2t6d+3o\nBs71pgni8FU45ZnO2y/VGT6o5MhjZ9oJifD4DuuTd/5puylucFAIwmuPAoGBAN1s\nIG7RHotQWO2prRtWxgJTfLOwgfV3hOw5yaR6OIC2hW9biIrnWoralkPl/L+/KcpX\nTINYtzv+/WDX2VHlzHpHvi4zqo3biYkg9x1Z/kIAX3hONPszyUA6Z3wVW7lgWKyY\npqoRTyhJLY3uwCiXEbVXaZDMkMEKzRA/fHmxBiEdAoGBAKlEYT6C/OZ3UWsvToKn\nziOqCmewl5NE8W2Jng9xWWhwNKKQNgIxRc6c9VGnj8V61JSoiBFEVzJq7BNgo5o/\nmu1N7WTDQ4a15KKCnIs7Ecm5KflUHFQC+WJxf7NYS0p5PtbSPKPTLi0CNawQEEep\n5l9cwj5cvufeQc85NHVzc66fAoGAfgqg47QSiQcxuAgQTDG3AXf40mi1cb+ZYMb8\na65PH6XGiz81mKxdtBD93KS8nYH6Df5nxZToqTRbk5cLVD1Vin3wWmh6u8munuqv\nAHxL6dJAhkEuk5hFBVS5t76IuhuIHqe+p6y2vJ37WoH/zJtCL1IU+6IW/Gxjks4w\n0yzb6lkCgYEA7lx8JmupOi7Z+zft5hGVMKETVAUOdZFVMhtj9UTo+7Q2LzJo8SUS\nMET2nJUBAXRYry8DaK/BDH/RWJuvFmhUoQTU52ZThwIrvpTX2TR16KWnoVehaC+W\n4DsLcxANAKFNEGWrk+xf+jybh3z5lpJFqPU04RyCCnGSekMBaloFS0Q=\n-----END RSA PRIVATE KEY-----\n",
            "public_key": "ssh-rsa AAAAB3NzaC1yc2EAAAADAQABAAABAQDSTJ2brFoWcDZLSI15LvviTimP8MpYsIXN/1jSC4zpHJm2Xql8H8DnlHFvd4IlShjbNBlYeuwD3D5379WpJ+2ef3q5ZabCab2oOsmcqkgqEjQ2cEi9W+cDNZhIls5w/9eMhZn5u648QtMiF15/WieE0cAKG+FoNWzQc0fRX9GQykZQuM3bq4b9ytBsspfV76yp4xhB4/u2yb7AkL0rQQf90yfPMlZvP+j4Z8OBsq84jzg1oKF/yxg1HWpvjNU8lt2S+NietBD6UfrCRAHRU98iMw1BEp8VVYdVAJukkbDr8xhkF72wB30hHmYqyL4sFpRow1FuIAZO754axbVyPZ4z Generated-by-Nova",
            "region": "RegionOne",
            "value_specs": null
          },
          "sensitive_attributes": [],
          "private": "bnVsbA=="
        }
      ]
    },
    {
      "mode": "managed",
      "type": "vkcs_networking_floatingip",
      "name": "fip",
      "provider": "provider[\"registry.terraform.io/vk-cs/vkcs\"]",
      "instances": [
        {
          "schema_version": 0,
          "attributes": {
            "address": "89.208.210.19",
            "description": "",
            "fixed_ip": "",
            "id": "1bbb545e-d8ad-4e09-9dc4-b3c82a3e9d5b",
            "pool": "ext-net",
            "port_id": "",
            "region": "RegionOne",
            "sdn": "neutron",
            "subnet_id": null,
            "subnet_ids": null,
            "timeouts": null,
            "value_specs": null
          },
          "sensitive_attributes": [],
          "private": "eyJlMmJmYjczMC1lY2FhLTExZTYtOGY4OC0zNDM2M2JjN2M0YzAiOnsiY3JlYXRlIjo2MDAwMDAwMDAwMDAsImRlbGV0ZSI6NjAwMDAwMDAwMDAwfX0=",
          "dependencies": [
            "data.vkcs_networking_network.extnet"
          ]
        }
      ]
    },
    {
      "mode": "managed",
      "type": "vkcs_networking_network",
      "name": "network",
      "provider": "provider[\"registry.terraform.io/vk-cs/vkcs\"]",
      "instances": [
        {
          "schema_version": 0,
          "attributes": {
            "admin_state_up": true,
            "all_tags": [],
            "description": "",
            "id": "172df55d-9415-4222-aab5-fc715b43cec5",
            "name": "net",
            "port_security_enabled": true,
            "private_dns_domain": "mcs.local.",
            "region": "RegionOne",
            "sdn": "neutron",
            "tags": null,
            "timeouts": null,
            "value_specs": null,
            "vkcs_services_access": false
          },
          "sensitive_attributes": [],
          "private": "eyJlMmJmYjczMC1lY2FhLTExZTYtOGY4OC0zNDM2M2JjN2M0YzAiOnsiY3JlYXRlIjo2MDAwMDAwMDAwMDAsImRlbGV0ZSI6NjAwMDAwMDAwMDAwfX0="
        }
      ]
    },
    {
      "mode": "managed",
      "type": "vkcs_networking_router",
      "name": "router",
      "provider": "provider[\"registry.terraform.io/vk-cs/vkcs\"]",
      "instances": [
        {
          "schema_version": 0,
          "attributes": {
            "admin_state_up": true,
            "all_tags": [],
            "description": "",
            "external_network_id": "298117ae-3fa4-4109-9e08-8be5602be5a2",
            "id": "126e5b55-5fe3-4846-b9aa-b77c3111c2fc",
            "name": "router",
            "region": "RegionOne",
            "sdn": "neutron",
            "tags": null,
            "timeouts": null,
            "value_specs": null,
            "vendor_options": []
          },
          "sensitive_attributes": [],
          "private": "eyJlMmJmYjczMC1lY2FhLTExZTYtOGY4OC0zNDM2M2JjN2M0YzAiOnsiY3JlYXRlIjo2MDAwMDAwMDAwMDAsImRlbGV0ZSI6NjAwMDAwMDAwMDAwfX0=",
          "dependencies": [
            "data.vkcs_networking_network.extnet"
          ]
        }
      ]
    },
    {
      "mode": "managed",
      "type": "vkcs_networking_router_interface",
      "name": "db",
      "provider": "provider[\"registry.terraform.io/vk-cs/vkcs\"]",
      "instances": [
        {
          "schema_version": 0,
          "attributes": {
            "id": "0695f45e-e316-48d3-b0c0-8f4026990742",
            "port_id": "0695f45e-e316-48d3-b0c0-8f4026990742",
            "region": "RegionOne",
            "router_id": "126e5b55-5fe3-4846-b9aa-b77c3111c2fc",
            "sdn": "neutron",
            "subnet_id": "0047577f-96db-4976-97bd-ce0e7bbd1946",
            "timeouts": null
          },
          "sensitive_attributes": [],
          "private": "eyJlMmJmYjczMC1lY2FhLTExZTYtOGY4OC0zNDM2M2JjN2M0YzAiOnsiY3JlYXRlIjo2MDAwMDAwMDAwMDAsImRlbGV0ZSI6NjAwMDAwMDAwMDAwfX0=",
          "dependencies": [
            "data.vkcs_networking_network.extnet",
            "vkcs_networking_network.network",
            "vkcs_networking_router.router",
            "vkcs_networking_subnet.subnetwork"
          ]
        }
      ]
    },
    {
      "mode": "managed",
      "type": "vkcs_networking_secgroup",
      "name": "secgroup",
      "provider": "provider[\"registry.terraform.io/vk-cs/vkcs\"]",
      "instances": [
        {
          "schema_version": 0,
          "attributes": {
            "all_tags": [],
            "delete_default_rules": null,
            "description": "terraform security group",
            "id": "118a921b-771c-4753-ac55-d911a82f552c",
            "name": "security_group",
            "region": "RegionOne",
            "sdn": "neutron",
            "tags": null,
            "timeouts": null
          },
          "sensitive_attributes": [],
          "private": "eyJlMmJmYjczMC1lY2FhLTExZTYtOGY4OC0zNDM2M2JjN2M0YzAiOnsiZGVsZXRlIjo2MDAwMDAwMDAwMDB9fQ=="
        }
      ]
    },
    {
      "mode": "managed",
      "type": "vkcs_networking_secgroup_rule",
      "name": "secgroup_rule_1",
      "provider": "provider[\"registry.terraform.io/vk-cs/vkcs\"]",
      "instances": [
        {
          "schema_version": 0,
          "attributes": {
            "description": "secgroup_rule_1",
            "direction": "ingress",
            "ethertype": "IPv4",
            "id": "9cf68381-53d0-490a-ae0c-addb1325a07e",
            "port_range_max": 22,
            "port_range_min": 22,
            "protocol": "tcp",
            "region": "RegionOne",
            "remote_group_id": "",
            "remote_ip_prefix": "0.0.0.0/0",
            "sdn": "neutron",
            "security_group_id": "118a921b-771c-4753-ac55-d911a82f552c",
            "timeouts": null
          },
          "sensitive_attributes": [],
          "private": "eyJlMmJmYjczMC1lY2FhLTExZTYtOGY4OC0zNDM2M2JjN2M0YzAiOnsiZGVsZXRlIjo2MDAwMDAwMDAwMDB9fQ==",
          "dependencies": [
            "vkcs_networking_secgroup.secgroup"
          ]
        }
      ]
    },
    {
      "mode": "managed",
      "type": "vkcs_networking_subnet",
      "name": "subnetwork",
      "provider": "provider[\"registry.terraform.io/vk-cs/vkcs\"]",
      "instances": [
        {
          "schema_version": 0,
          "attributes": {
            "all_tags": [],
            "allocation_pool": [
              {
                "end": "192.168.20.254",
                "start": "192.168.20.2"
              }
            ],
            "cidr": "192.168.20.0/24",
            "description": "",
            "dns_nameservers": null,
            "enable_dhcp": true,
            "gateway_ip": "192.168.20.1",
            "id": "0047577f-96db-4976-97bd-ce0e7bbd1946",
            "name": "subnet_1",
            "network_id": "172df55d-9415-4222-aab5-fc715b43cec5",
            "no_gateway": false,
            "prefix_length": null,
            "region": "RegionOne",
            "sdn": "neutron",
            "subnetpool_id": "",
            "tags": null,
            "timeouts": null,
            "value_specs": null
          },
          "sensitive_attributes": [],
          "private": "eyJlMmJmYjczMC1lY2FhLTExZTYtOGY4OC0zNDM2M2JjN2M0YzAiOnsiY3JlYXRlIjo2MDAwMDAwMDAwMDAsImRlbGV0ZSI6NjAwMDAwMDAwMDAwfX0=",
          "dependencies": [
            "vkcs_networking_network.network"
          ]
        }
      ]
    },
    {
      "mode": "managed",
      "type": "vkcs_vpnaas_endpoint_group",
      "name": "group_1",
      "provider": "provider[\"registry.terraform.io/vk-cs/vkcs\"]",
      "instances": [
        {
          "schema_version": 0,
          "attributes": {
            "description": "",
            "endpoints": [
              "192.168.10.0/24"
            ],
            "id": "44c9ba3c-4abb-44bb-8cbf-7d10096c3068",
            "name": "remote_endpoint",
            "region": "RegionOne",
            "timeouts": null,
            "type": "cidr"
          },
          "sensitive_attributes": [],
          "private": "eyJlMmJmYjczMC1lY2FhLTExZTYtOGY4OC0zNDM2M2JjN2M0YzAiOnsiY3JlYXRlIjo2MDAwMDAwMDAwMDAsImRlbGV0ZSI6NjAwMDAwMDAwMDAwLCJ1cGRhdGUiOjYwMDAwMDAwMDAwMH19"
        }
      ]
    },
    {
      "mode": "managed",
      "type": "vkcs_vpnaas_endpoint_group",
      "name": "group_2",
      "provider": "provider[\"registry.terraform.io/vk-cs/vkcs\"]",
      "instances": [
        {
          "schema_version": 0,
          "attributes": {
            "description": "",
            "endpoints": [
              "0047577f-96db-4976-97bd-ce0e7bbd1946"
            ],
            "id": "2c3537f3-9b7c-426f-9a98-122802ec6367",
            "name": "local_endpoint",
            "region": "RegionOne",
            "timeouts": null,
            "type": "subnet"
          },
          "sensitive_attributes": [],
          "private": "eyJlMmJmYjczMC1lY2FhLTExZTYtOGY4OC0zNDM2M2JjN2M0YzAiOnsiY3JlYXRlIjo2MDAwMDAwMDAwMDAsImRlbGV0ZSI6NjAwMDAwMDAwMDAwLCJ1cGRhdGUiOjYwMDAwMDAwMDAwMH19",
          "dependencies": [
            "vkcs_networking_network.network",
            "vkcs_networking_subnet.subnetwork"
          ]
        }
      ]
    },
    {
      "mode": "managed",
      "type": "vkcs_vpnaas_ike_policy",
      "name": "policy_2",
      "provider": "provider[\"registry.terraform.io/vk-cs/vkcs\"]",
      "instances": [
        {
          "schema_version": 0,
          "attributes": {
            "auth_algorithm": "sha1",
            "description": "",
            "encryption_algorithm": "aes-128",
            "id": "ca3b1726-01d4-4edd-a3c6-0551cd1c7bf5",
            "ike_version": "v1",
            "lifetime": [
              {
                "units": "seconds",
                "value": 3600
              }
            ],
            "name": "ike-policy",
            "pfs": "group5",
            "phase1_negotiation_mode": "main",
            "region": "RegionOne",
            "timeouts": null
          },
          "sensitive_attributes": [],
          "private": "eyJlMmJmYjczMC1lY2FhLTExZTYtOGY4OC0zNDM2M2JjN2M0YzAiOnsiY3JlYXRlIjo2MDAwMDAwMDAwMDB9fQ=="
        }
      ]
    },
    {
      "mode": "managed",
      "type": "vkcs_vpnaas_ipsec_policy",
      "name": "policy_1",
      "provider": "provider[\"registry.terraform.io/vk-cs/vkcs\"]",
      "instances": [
        {
          "schema_version": 0,
          "attributes": {
            "auth_algorithm": "sha1",
            "description": "",
            "encapsulation_mode": "tunnel",
            "encryption_algorithm": "aes-128",
            "id": "4a6712e8-005d-4284-a217-4747799735f7",
            "lifetime": [
              {
                "units": "seconds",
                "value": 3600
              }
            ],
            "name": "ipsec-policy",
            "pfs": "group5",
            "region": "RegionOne",
            "timeouts": null,
            "transform_protocol": "esp"
          },
          "sensitive_attributes": [],
          "private": "eyJlMmJmYjczMC1lY2FhLTExZTYtOGY4OC0zNDM2M2JjN2M0YzAiOnsiY3JlYXRlIjo2MDAwMDAwMDAwMDB9fQ=="
        }
      ]
    },
    {
      "mode": "managed",
      "type": "vkcs_vpnaas_service",
      "name": "service",
      "provider": "provider[\"registry.terraform.io/vk-cs/vkcs\"]",
      "instances": [
        {
          "schema_version": 0,
          "attributes": {
            "admin_state_up": true,
            "description": "",
            "external_v4_ip": "89.208.209.119",
            "external_v6_ip": "",
            "id": "407555ac-2927-4882-821e-a69a897e86d4",
            "name": "",
            "region": "RegionOne",
            "router_id": "126e5b55-5fe3-4846-b9aa-b77c3111c2fc",
            "status": "PENDING_CREATE",
            "subnet_id": "",
            "timeouts": null
          },
          "sensitive_attributes": [],
          "private": "eyJlMmJmYjczMC1lY2FhLTExZTYtOGY4OC0zNDM2M2JjN2M0YzAiOnsiY3JlYXRlIjo2MDAwMDAwMDAwMDAsImRlbGV0ZSI6NjAwMDAwMDAwMDAwLCJ1cGRhdGUiOjYwMDAwMDAwMDAwMH19",
          "dependencies": [
            "data.vkcs_networking_network.extnet",
            "vkcs_networking_router.router"
          ]
        }
      ]
    },
    {
      "mode": "managed",
      "type": "vkcs_vpnaas_site_connection",
      "name": "connection",
      "provider": "provider[\"registry.terraform.io/vk-cs/vkcs\"]",
      "instances": [
        {
          "schema_version": 0,
          "attributes": {
            "admin_state_up": true,
            "description": "",
            "dpd": [
              {
                "action": "restart",
                "interval": 21,
                "timeout": 42
              }
            ],
            "id": "f267ded9-3465-459d-8caf-93a151389652",
            "ikepolicy_id": "ca3b1726-01d4-4edd-a3c6-0551cd1c7bf5",
            "initiator": "bi-directional",
            "ipsecpolicy_id": "4a6712e8-005d-4284-a217-4747799735f7",
            "local_ep_group_id": "2c3537f3-9b7c-426f-9a98-122802ec6367",
            "local_id": "",
            "mtu": 1500,
            "name": "connection",
            "peer_address": "109.120.190.41",
            "peer_cidrs": null,
            "peer_ep_group_id": "44c9ba3c-4abb-44bb-8cbf-7d10096c3068",
            "peer_id": "109.120.190.41",
            "psk": "P@ssw0rdP@ssw0rd",
            "region": null,
            "timeouts": null,
            "vpnservice_id": "407555ac-2927-4882-821e-a69a897e86d4"
          },
          "sensitive_attributes": [],
          "private": "eyJlMmJmYjczMC1lY2FhLTExZTYtOGY4OC0zNDM2M2JjN2M0YzAiOnsiY3JlYXRlIjo2MDAwMDAwMDAwMDAsImRlbGV0ZSI6NjAwMDAwMDAwMDAwLCJ1cGRhdGUiOjYwMDAwMDAwMDAwMH19",
          "dependencies": [
            "data.vkcs_networking_network.extnet",
            "vkcs_networking_network.network",
            "vkcs_networking_router.router",
            "vkcs_networking_router_interface.db",
            "vkcs_networking_subnet.subnetwork",
            "vkcs_vpnaas_endpoint_group.group_1",
            "vkcs_vpnaas_endpoint_group.group_2",
            "vkcs_vpnaas_ike_policy.policy_2",
            "vkcs_vpnaas_ipsec_policy.policy_1",
            "vkcs_vpnaas_service.service"
          ]
        }
      ]
    }
  ],
  "check_results": null
}
