{
  "version": 4,
  "terraform_version": "1.5.1",
  "serial": 347,
  "lineage": "8187b47c-4032-1501-e8f0-a2e02d5801c3",
  "outputs": {
    "instance_fip": {
      "value": "37.139.43.124",
      "type": "string"
    },
    "private_key1": {
      "value": "-----BEGIN RSA PRIVATE KEY-----\nMIIEpAIBAAKCAQEAzu9CP199JkggwCU6HijrC3w5Gdv2kH0OgA1gj7XWRf7xa2PO\neptjFWUPqF7JvR9p3IjjcEeV4rwKCKpXOCERBOpwbq7qzVj7KEgqzK8xqBYuQjgb\nqGSkLvg+ghePB0FYIkEqGFCcmUJJXO3/g5z3zPRRWh5Yh+/X24VgfC0820Y6RTty\nGkQ8BobhIoW3GZUJO7ksXjoruu8rIyY6YZEAeTX4iskKwYY94FWHkMAJn60bGYoC\n5n5FN18vWUJgECnoffW7BQ0ZQ0LOZom/7Lroa8PnD6eKsMykEaaW2o0y3W64+B9h\nUnSwAWFPHbQN+h32s7DsiwqdlTYMJcCNqmJVKQIDAQABAoIBAQDGEKvQDI20/oSa\nZQdjpraSn6vn3Gn7kjc2yZcK9njJNmPM7hLLt77202xRM6jUpCSnOT64UUxdYK4Z\n7TDeQIgRtHM4/aMwOWLsA2cz0twsjk5og1u1qd6cNm9eBT6ZKyo4XzbzXvUEnDWs\nBQDz8GIeghr7rt/9/MsXCmp3cLU3Ch/PTRefZljnr3+LgzyQQ2v0BCbExYmi+CHu\nDR3A3A9A++hNaDOBuLBmuqAn46doJ5nPNvnpFFOy/lk/C49+INqh7QieSGGWCmjh\nVfT9gKViWz8u1ova3tdCVJBZ11VK24uaJx5yKnKKpGpZjgPfvn1YgFxBOP9mvxtJ\n4402Cd6hAoGBAPF8+lnUJMo4mmnqUAyJ02pHY4n5H55IO/gff4gA1CHNvSqNrn5/\nKtKJRzLvK+2UU2pHxbw5PwXVVkmq656nJXbG0Pkp0WwqFmjssDnNrHjbb0K7oEOk\naosWxFZPKVlnPzLmMwTQ4rqR9BbJR/X4R68a+szPffpCz5v3GRyNHdWfAoGBANte\ntomMGQLvz8U89wucyIZ4VWT6hShdcDdliVR0jFpjd9pCYfKB+QHBgv1Zs+mWFF57\n1OPIc2apj2SyI6IgLR8ij1AYFinCHXrxk/S4vpCXm9fGPlhhEDz0TkbBGUhtI3Ms\n+mXfAfU39d4xx7/t+hMiRUUb8KvxNeGI/5CdMJA3AoGBAOT8XWhQgZI/mixUwxMg\nnhhpGTn7wL+WP0dIluWf44cqT/XJ42yPqUt6YMkrgbwGqhJdfGK+5cPiR7ATItmO\nJTg7zmx1+t9WCWn1BiXJoYH4kcf1okKB5YV+US6GYe8kuAjLwBUQ/e1r+MiilFno\n1BB2xNrw5cQpFjQOWwF3zpKBAoGAOPUGgAAYHmMVlyiVHDbA+ekUgvtox2o7UKbU\nWVFJf86Dt++0brrAZGxSDmXUCLom38FXLS1GiUlNKd/20Il6LbNTcoBOgNkdvmYq\n/Edbcz9p/0RBu8C37pugF07buapcofLzsK+OWpUFCYPzUSoA3CbxxVfTzVD7pGtl\nr66ghVECgYBSFzQWv3cxZmnOz8cYsT3pfS/G4mTYcOiVirdV4xZMkLAwpYb2INZf\nRks3+ETmCkqfROABu7DXiWWtULhI42dN6LYCkIi+H7AQK/Zam668D+BMbFLS7X+X\nlH45fMneflFCzOovkSkaBP7qH8CG0IaZP1bPhhRkHlpJOlfXH9RyvA==\n-----END RSA PRIVATE KEY-----\n",
      "type": "string"
    },
    "public_key1": {
      "value": "ssh-rsa AAAAB3NzaC1yc2EAAAADAQABAAABAQDO70I/X30mSCDAJToeKOsLfDkZ2/aQfQ6ADWCPtdZF/vFrY856m2MVZQ+oXsm9H2nciONwR5XivAoIqlc4IREE6nBururNWPsoSCrMrzGoFi5COBuoZKQu+D6CF48HQVgiQSoYUJyZQklc7f+DnPfM9FFaHliH79fbhWB8LTzbRjpFO3IaRDwGhuEihbcZlQk7uSxeOiu67ysjJjphkQB5NfiKyQrBhj3gVYeQwAmfrRsZigLmfkU3Xy9ZQmAQKeh99bsFDRlDQs5mib/suuhrw+cPp4qwzKQRppbajTLdbrj4H2FSdLABYU8dtA36HfazsOyLCp2VNgwlwI2qYlUp Generated-by-Nova",
      "type": "string"
    },
    "router_ip": {
      "value": "7ab25150-7ad5-4f5d-abe9-a1ed323858cd",
      "type": "string"
    }
  },
  "resources": [
    {
      "mode": "data",
      "type": "vkcs_compute_flavor",
      "name": "compute",
      "provider": "provider[\"registry.terraform.io/vk-cs/vkcs\"]",
      "instances": [
        {
          "schema_version": 0,
          "attributes": {
            "disk": 20,
            "extra_specs": {
              "agg_common": "true",
              "hw:cpu_sockets": "1",
              "mcs:cpu_type": "standard"
            },
            "flavor_id": "25ae869c-be29-4840-8e12-99e046d2dbd4",
            "id": "25ae869c-be29-4840-8e12-99e046d2dbd4",
            "is_public": true,
            "min_disk": null,
            "min_ram": null,
            "name": "Basic-1-2-20",
            "ram": 2048,
            "region": null,
            "rx_tx_factor": 1,
            "swap": 0,
            "vcpus": 1
          },
          "sensitive_attributes": []
        }
      ]
    },
    {
      "mode": "data",
      "type": "vkcs_images_image",
      "name": "compute",
      "provider": "provider[\"registry.terraform.io/vk-cs/vkcs\"]",
      "instances": [
        {
          "schema_version": 0,
          "attributes": {
            "checksum": "d6cb87d222269e3b86647ab4d9143eb7",
            "container_format": "bare",
            "created_at": "2022-11-07T09:00:31Z",
            "disk_format": "raw",
            "file": "/v2/images/8d26d45a-bd37-4990-8fae-c406ef188843/file",
            "id": "8d26d45a-bd37-4990-8fae-c406ef188843",
            "member_status": null,
            "metadata": {},
            "min_disk_gb": 0,
            "min_ram_mb": 0,
            "most_recent": false,
            "name": "Debian11.4",
            "owner": "c0c59bca22fa4818bdddc1c4b1a6fe1a",
            "properties": null,
            "protected": false,
            "region": "RegionOne",
            "schema": "/v2/schemas/image",
            "size_bytes": 2684354560,
            "size_max": null,
            "size_min": null,
            "tag": null,
            "tags": [],
            "updated_at": "2022-11-15T09:45:38Z",
            "visibility": "public"
          },
          "sensitive_attributes": []
        }
      ]
    },
    {
      "mode": "data",
      "type": "vkcs_networking_network",
      "name": "extnet",
      "provider": "provider[\"registry.terraform.io/vk-cs/vkcs\"]",
      "instances": [
        {
          "schema_version": 0,
          "attributes": {
            "admin_state_up": "true",
            "all_tags": [
              "dm.semenov",
              "rivalsec123qwerty"
            ],
            "description": "",
            "external": true,
            "id": "298117ae-3fa4-4109-9e08-8be5602be5a2",
            "matching_subnet_cidr": null,
            "name": "ext-net",
            "network_id": null,
            "private_dns_domain": "openstacklocal.",
            "region": "RegionOne",
            "sdn": "neutron",
            "shared": "true",
            "status": null,
            "subnets": [
              "01009166-1de2-413d-995c-8c2272f1bc19",
              "0dbaf324-1c17-4c51-ab6f-817a2223a097",
              "13b6afaa-a0da-4ffb-8061-f7b28d318fdf",
              "191efdda-cd5a-4327-987d-1eb1b5b32b4d",
              "1e68063b-96e0-45bc-b010-579e9aabb485",
              "1ea7f321-4ed0-4ae7-a136-a0226b9c5969",
              "2267f99b-83a5-49b6-ba19-e0cbac642583",
              "389a5241-76e3-48b9-89f5-5b0a938cf8b3",
              "41d17c6b-d2cf-4bd2-8784-f8a846656c3b",
              "489f81ad-2a0c-449d-8aed-1876ddbd7840",
              "5a66e4b1-1676-444e-94cf-eb37ac80d464",
              "62a77e13-ccc0-44b7-8cac-0567163a8a3b",
              "7f876978-01fe-43ab-8c77-7e6e32cd28c4",
              "888682e5-abdd-4274-853f-b091115cce84",
              "94640c6b-6298-40d0-8c71-6aab8716d48f",
              "aa2689f9-a208-4bf2-bed0-c20dab001467",
              "b1911f6b-9185-45fd-a0c2-424b0c9155ce",
              "b2298251-6be3-444b-b213-59c66e25346b",
              "b5502dbd-18c7-4f44-857a-5819265bbbdc",
              "be8539d5-eeff-4eaa-8048-9f7c3dbc8804",
              "be9cabcf-c5f8-4e88-9e27-c5ba80f4a638",
              "c4f89da6-529f-4a08-9df1-6b95842a07b9",
              "c6fafdba-deb7-4ad0-83fd-ec893dedfb69",
              "cbd9c937-5339-42df-b0a7-edfb2ccfee59",
              "d10ef821-cba1-476c-bcfd-582632939e80",
              "d5f70b09-6d49-445b-99f1-184d366decf6",
              "ec5d4a62-5039-460c-833f-7084a19794d2"
            ],
            "tags": null,
            "tenant_id": "c9fe9505fdde4de680679748c7cfee7e",
            "vkcs_services_access": false
          },
          "sensitive_attributes": []
        }
      ]
    },
    {
      "mode": "managed",
      "type": "vkcs_compute_floatingip_associate",
      "name": "fip",
      "provider": "provider[\"registry.terraform.io/vk-cs/vkcs\"]",
      "instances": [
        {
          "schema_version": 0,
          "attributes": {
            "fixed_ip": "",
            "floating_ip": "37.139.43.124",
            "id": "37.139.43.124/07ed163f-a995-48f7-bbbb-b3627f89299f/",
            "instance_id": "07ed163f-a995-48f7-bbbb-b3627f89299f",
            "region": "RegionOne",
            "timeouts": null,
            "wait_until_associated": null
          },
          "sensitive_attributes": [],
          "private": "eyJlMmJmYjczMC1lY2FhLTExZTYtOGY4OC0zNDM2M2JjN2M0YzAiOnsiY3JlYXRlIjo2MDAwMDAwMDAwMDB9fQ==",
          "dependencies": [
            "data.vkcs_compute_flavor.compute",
            "data.vkcs_images_image.compute",
            "data.vkcs_networking_network.extnet",
            "vkcs_compute_instance.compute",
            "vkcs_compute_keypair.keypair",
            "vkcs_networking_floatingip.fip",
            "vkcs_networking_network.network",
            "vkcs_networking_subnet.subnetwork"
          ]
        }
      ]
    },
    {
      "mode": "managed",
      "type": "vkcs_compute_instance",
      "name": "compute",
      "provider": "provider[\"registry.terraform.io/vk-cs/vkcs\"]",
      "instances": [
        {
          "schema_version": 0,
          "attributes": {
            "access_ip_v4": "192.168.10.22",
            "admin_pass": null,
            "all_metadata": {},
            "all_tags": [],
            "availability_zone": "MS1",
            "block_device": [
              {
                "boot_index": 0,
                "delete_on_termination": true,
                "destination_type": "volume",
                "device_type": "",
                "disk_bus": "",
                "guest_format": "",
                "source_type": "image",
                "uuid": "8d26d45a-bd37-4990-8fae-c406ef188843",
                "volume_size": 8,
                "volume_type": "ceph-ssd"
              }
            ],
            "config_drive": null,
            "flavor_id": "25ae869c-be29-4840-8e12-99e046d2dbd4",
            "flavor_name": "Basic-1-2-20",
            "force_delete": false,
            "id": "07ed163f-a995-48f7-bbbb-b3627f89299f",
            "image_id": "Attempt to boot from volume - no image supplied",
            "image_name": null,
            "key_pair": "test-keypair1",
            "metadata": null,
            "name": "compute-instance1",
            "network": [
              {
                "access_network": false,
                "fixed_ip_v4": "192.168.10.22",
                "mac": "fa:16:3e:1d:43:59",
                "name": "net",
                "port": "",
                "uuid": "4055bcc2-27cf-4019-85e5-12ede634b64c"
              }
            ],
            "network_mode": null,
            "personality": [],
            "power_state": "active",
            "region": "RegionOne",
            "scheduler_hints": [],
            "security_groups": [
              "default",
              "security_group"
            ],
            "stop_before_destroy": false,
            "tags": null,
            "timeouts": null,
            "user_data": null,
            "vendor_options": []
          },
          "sensitive_attributes": [],
          "private": "eyJlMmJmYjczMC1lY2FhLTExZTYtOGY4OC0zNDM2M2JjN2M0YzAiOnsiY3JlYXRlIjoxODAwMDAwMDAwMDAwLCJkZWxldGUiOjE4MDAwMDAwMDAwMDAsInVwZGF0ZSI6MTgwMDAwMDAwMDAwMH19",
          "dependencies": [
            "data.vkcs_compute_flavor.compute",
            "data.vkcs_images_image.compute",
            "vkcs_compute_keypair.keypair",
            "vkcs_networking_network.network",
            "vkcs_networking_subnet.subnetwork"
          ]
        }
      ]
    },
    {
      "mode": "managed",
      "type": "vkcs_compute_keypair",
      "name": "keypair",
      "provider": "provider[\"registry.terraform.io/vk-cs/vkcs\"]",
      "instances": [
        {
          "schema_version": 0,
          "attributes": {
            "fingerprint": "4b:80:22:ce:88:24:9d:b5:12:39:21:6e:7a:e9:7a:45",
            "id": "test-keypair1",
            "name": "test-keypair1",
            "private_key": "-----BEGIN RSA PRIVATE KEY-----\nMIIEpAIBAAKCAQEAzu9CP199JkggwCU6HijrC3w5Gdv2kH0OgA1gj7XWRf7xa2PO\neptjFWUPqF7JvR9p3IjjcEeV4rwKCKpXOCERBOpwbq7qzVj7KEgqzK8xqBYuQjgb\nqGSkLvg+ghePB0FYIkEqGFCcmUJJXO3/g5z3zPRRWh5Yh+/X24VgfC0820Y6RTty\nGkQ8BobhIoW3GZUJO7ksXjoruu8rIyY6YZEAeTX4iskKwYY94FWHkMAJn60bGYoC\n5n5FN18vWUJgECnoffW7BQ0ZQ0LOZom/7Lroa8PnD6eKsMykEaaW2o0y3W64+B9h\nUnSwAWFPHbQN+h32s7DsiwqdlTYMJcCNqmJVKQIDAQABAoIBAQDGEKvQDI20/oSa\nZQdjpraSn6vn3Gn7kjc2yZcK9njJNmPM7hLLt77202xRM6jUpCSnOT64UUxdYK4Z\n7TDeQIgRtHM4/aMwOWLsA2cz0twsjk5og1u1qd6cNm9eBT6ZKyo4XzbzXvUEnDWs\nBQDz8GIeghr7rt/9/MsXCmp3cLU3Ch/PTRefZljnr3+LgzyQQ2v0BCbExYmi+CHu\nDR3A3A9A++hNaDOBuLBmuqAn46doJ5nPNvnpFFOy/lk/C49+INqh7QieSGGWCmjh\nVfT9gKViWz8u1ova3tdCVJBZ11VK24uaJx5yKnKKpGpZjgPfvn1YgFxBOP9mvxtJ\n4402Cd6hAoGBAPF8+lnUJMo4mmnqUAyJ02pHY4n5H55IO/gff4gA1CHNvSqNrn5/\nKtKJRzLvK+2UU2pHxbw5PwXVVkmq656nJXbG0Pkp0WwqFmjssDnNrHjbb0K7oEOk\naosWxFZPKVlnPzLmMwTQ4rqR9BbJR/X4R68a+szPffpCz5v3GRyNHdWfAoGBANte\ntomMGQLvz8U89wucyIZ4VWT6hShdcDdliVR0jFpjd9pCYfKB+QHBgv1Zs+mWFF57\n1OPIc2apj2SyI6IgLR8ij1AYFinCHXrxk/S4vpCXm9fGPlhhEDz0TkbBGUhtI3Ms\n+mXfAfU39d4xx7/t+hMiRUUb8KvxNeGI/5CdMJA3AoGBAOT8XWhQgZI/mixUwxMg\nnhhpGTn7wL+WP0dIluWf44cqT/XJ42yPqUt6YMkrgbwGqhJdfGK+5cPiR7ATItmO\nJTg7zmx1+t9WCWn1BiXJoYH4kcf1okKB5YV+US6GYe8kuAjLwBUQ/e1r+MiilFno\n1BB2xNrw5cQpFjQOWwF3zpKBAoGAOPUGgAAYHmMVlyiVHDbA+ekUgvtox2o7UKbU\nWVFJf86Dt++0brrAZGxSDmXUCLom38FXLS1GiUlNKd/20Il6LbNTcoBOgNkdvmYq\n/Edbcz9p/0RBu8C37pugF07buapcofLzsK+OWpUFCYPzUSoA3CbxxVfTzVD7pGtl\nr66ghVECgYBSFzQWv3cxZmnOz8cYsT3pfS/G4mTYcOiVirdV4xZMkLAwpYb2INZf\nRks3+ETmCkqfROABu7DXiWWtULhI42dN6LYCkIi+H7AQK/Zam668D+BMbFLS7X+X\nlH45fMneflFCzOovkSkaBP7qH8CG0IaZP1bPhhRkHlpJOlfXH9RyvA==\n-----END RSA PRIVATE KEY-----\n",
            "public_key": "ssh-rsa AAAAB3NzaC1yc2EAAAADAQABAAABAQDO70I/X30mSCDAJToeKOsLfDkZ2/aQfQ6ADWCPtdZF/vFrY856m2MVZQ+oXsm9H2nciONwR5XivAoIqlc4IREE6nBururNWPsoSCrMrzGoFi5COBuoZKQu+D6CF48HQVgiQSoYUJyZQklc7f+DnPfM9FFaHliH79fbhWB8LTzbRjpFO3IaRDwGhuEihbcZlQk7uSxeOiu67ysjJjphkQB5NfiKyQrBhj3gVYeQwAmfrRsZigLmfkU3Xy9ZQmAQKeh99bsFDRlDQs5mib/suuhrw+cPp4qwzKQRppbajTLdbrj4H2FSdLABYU8dtA36HfazsOyLCp2VNgwlwI2qYlUp Generated-by-Nova",
            "region": "RegionOne",
            "value_specs": null
          },
          "sensitive_attributes": [],
          "private": "bnVsbA=="
        }
      ]
    },
    {
      "mode": "managed",
      "type": "vkcs_networking_floatingip",
      "name": "fip",
      "provider": "provider[\"registry.terraform.io/vk-cs/vkcs\"]",
      "instances": [
        {
          "schema_version": 0,
          "attributes": {
            "address": "37.139.43.124",
            "description": "",
            "fixed_ip": "",
            "id": "902d4450-2397-43e8-9c8f-a78df03aca67",
            "pool": "ext-net",
            "port_id": "",
            "region": "RegionOne",
            "sdn": "neutron",
            "subnet_id": null,
            "subnet_ids": null,
            "timeouts": null,
            "value_specs": null
          },
          "sensitive_attributes": [],
          "private": "eyJlMmJmYjczMC1lY2FhLTExZTYtOGY4OC0zNDM2M2JjN2M0YzAiOnsiY3JlYXRlIjo2MDAwMDAwMDAwMDAsImRlbGV0ZSI6NjAwMDAwMDAwMDAwfX0=",
          "dependencies": [
            "data.vkcs_networking_network.extnet"
          ]
        }
      ]
    },
    {
      "mode": "managed",
      "type": "vkcs_networking_network",
      "name": "network",
      "provider": "provider[\"registry.terraform.io/vk-cs/vkcs\"]",
      "instances": [
        {
          "schema_version": 0,
          "attributes": {
            "admin_state_up": true,
            "all_tags": [],
            "description": "",
            "id": "4055bcc2-27cf-4019-85e5-12ede634b64c",
            "name": "net",
            "port_security_enabled": true,
            "private_dns_domain": "mcs.local.",
            "region": "RegionOne",
            "sdn": "neutron",
            "tags": [],
            "timeouts": null,
            "value_specs": null,
            "vkcs_services_access": false
          },
          "sensitive_attributes": [],
          "private": "eyJlMmJmYjczMC1lY2FhLTExZTYtOGY4OC0zNDM2M2JjN2M0YzAiOnsiY3JlYXRlIjo2MDAwMDAwMDAwMDAsImRlbGV0ZSI6NjAwMDAwMDAwMDAwfX0="
        }
      ]
    },
    {
      "mode": "managed",
      "type": "vkcs_networking_router",
      "name": "router",
      "provider": "provider[\"registry.terraform.io/vk-cs/vkcs\"]",
      "instances": [
        {
          "schema_version": 0,
          "attributes": {
            "admin_state_up": true,
            "all_tags": [],
            "description": "",
            "external_network_id": "298117ae-3fa4-4109-9e08-8be5602be5a2",
            "id": "7ab25150-7ad5-4f5d-abe9-a1ed323858cd",
            "name": "router",
            "region": "RegionOne",
            "sdn": "neutron",
            "tags": [],
            "timeouts": null,
            "value_specs": null,
            "vendor_options": []
          },
          "sensitive_attributes": [],
          "private": "eyJlMmJmYjczMC1lY2FhLTExZTYtOGY4OC0zNDM2M2JjN2M0YzAiOnsiY3JlYXRlIjo2MDAwMDAwMDAwMDAsImRlbGV0ZSI6NjAwMDAwMDAwMDAwfX0=",
          "dependencies": [
            "data.vkcs_networking_network.extnet"
          ]
        }
      ]
    },
    {
      "mode": "managed",
      "type": "vkcs_networking_router_interface",
      "name": "db",
      "provider": "provider[\"registry.terraform.io/vk-cs/vkcs\"]",
      "instances": [
        {
          "schema_version": 0,
          "attributes": {
            "id": "3eadd35e-189f-4d51-8a93-a60adbde637b",
            "port_id": "3eadd35e-189f-4d51-8a93-a60adbde637b",
            "region": "RegionOne",
            "router_id": "7ab25150-7ad5-4f5d-abe9-a1ed323858cd",
            "sdn": "neutron",
            "subnet_id": "37bc699e-e188-462f-b28f-8be06af7a6c2",
            "timeouts": null
          },
          "sensitive_attributes": [],
          "private": "eyJlMmJmYjczMC1lY2FhLTExZTYtOGY4OC0zNDM2M2JjN2M0YzAiOnsiY3JlYXRlIjo2MDAwMDAwMDAwMDAsImRlbGV0ZSI6NjAwMDAwMDAwMDAwfX0=",
          "dependencies": [
            "data.vkcs_networking_network.extnet",
            "vkcs_networking_router.router",
            "vkcs_networking_subnet.subnetwork"
          ]
        }
      ]
    },
    {
      "mode": "managed",
      "type": "vkcs_networking_secgroup",
      "name": "secgroup",
      "provider": "provider[\"registry.terraform.io/vk-cs/vkcs\"]",
      "instances": [
        {
          "schema_version": 0,
          "attributes": {
            "all_tags": [],
            "delete_default_rules": null,
            "description": "terraform security group",
            "id": "77cba51b-82aa-4d0c-bbf4-5b6b8eeee400",
            "name": "security_group",
            "region": "RegionOne",
            "sdn": "neutron",
            "tags": null,
            "timeouts": null
          },
          "sensitive_attributes": [],
          "private": "eyJlMmJmYjczMC1lY2FhLTExZTYtOGY4OC0zNDM2M2JjN2M0YzAiOnsiZGVsZXRlIjo2MDAwMDAwMDAwMDB9fQ=="
        }
      ]
    },
    {
      "mode": "managed",
      "type": "vkcs_networking_secgroup_rule",
      "name": "secgroup_rule_1",
      "provider": "provider[\"registry.terraform.io/vk-cs/vkcs\"]",
      "instances": [
        {
          "schema_version": 0,
          "attributes": {
            "description": "secgroup_rule_1",
            "direction": "ingress",
            "ethertype": "IPv4",
            "id": "153ab34c-f508-455a-a91f-0a0286d10cef",
            "port_range_max": 22,
            "port_range_min": 22,
            "protocol": "tcp",
            "region": "RegionOne",
            "remote_group_id": "",
            "remote_ip_prefix": "0.0.0.0/0",
            "sdn": "neutron",
            "security_group_id": "77cba51b-82aa-4d0c-bbf4-5b6b8eeee400",
            "timeouts": null
          },
          "sensitive_attributes": [],
          "private": "eyJlMmJmYjczMC1lY2FhLTExZTYtOGY4OC0zNDM2M2JjN2M0YzAiOnsiZGVsZXRlIjo2MDAwMDAwMDAwMDB9fQ==",
          "dependencies": [
            "vkcs_networking_secgroup.secgroup"
          ]
        }
      ]
    },
    {
      "mode": "managed",
      "type": "vkcs_networking_subnet",
      "name": "subnetwork",
      "provider": "provider[\"registry.terraform.io/vk-cs/vkcs\"]",
      "instances": [
        {
          "schema_version": 0,
          "attributes": {
            "all_tags": [],
            "allocation_pool": [
              {
                "end": "192.168.10.254",
                "start": "192.168.10.2"
              }
            ],
            "cidr": "192.168.10.0/24",
            "description": "",
            "dns_nameservers": [],
            "enable_dhcp": true,
            "gateway_ip": "192.168.10.1",
            "id": "37bc699e-e188-462f-b28f-8be06af7a6c2",
            "name": "subnet_1",
            "network_id": "4055bcc2-27cf-4019-85e5-12ede634b64c",
            "no_gateway": false,
            "prefix_length": null,
            "region": "RegionOne",
            "sdn": "neutron",
            "subnetpool_id": "",
            "tags": [],
            "timeouts": null,
            "value_specs": null
          },
          "sensitive_attributes": [],
          "private": "eyJlMmJmYjczMC1lY2FhLTExZTYtOGY4OC0zNDM2M2JjN2M0YzAiOnsiY3JlYXRlIjo2MDAwMDAwMDAwMDAsImRlbGV0ZSI6NjAwMDAwMDAwMDAwfX0=",
          "dependencies": [
            "vkcs_networking_network.network"
          ]
        }
      ]
    },
    {
      "mode": "managed",
      "type": "vkcs_vpnaas_endpoint_group",
      "name": "group_1",
      "provider": "provider[\"registry.terraform.io/vk-cs/vkcs\"]",
      "instances": [
        {
          "schema_version": 0,
          "attributes": {
            "description": "",
            "endpoints": [
              "192.168.20.0/24"
            ],
            "id": "55c62877-bff5-49c9-9409-ad8a55373122",
            "name": "remote_endpoint",
            "region": "RegionOne",
            "timeouts": null,
            "type": "cidr"
          },
          "sensitive_attributes": [],
          "private": "eyJlMmJmYjczMC1lY2FhLTExZTYtOGY4OC0zNDM2M2JjN2M0YzAiOnsiY3JlYXRlIjo2MDAwMDAwMDAwMDAsImRlbGV0ZSI6NjAwMDAwMDAwMDAwLCJ1cGRhdGUiOjYwMDAwMDAwMDAwMH19"
        }
      ]
    },
    {
      "mode": "managed",
      "type": "vkcs_vpnaas_endpoint_group",
      "name": "group_2",
      "provider": "provider[\"registry.terraform.io/vk-cs/vkcs\"]",
      "instances": [
        {
          "schema_version": 0,
          "attributes": {
            "description": "",
            "endpoints": [
              "37bc699e-e188-462f-b28f-8be06af7a6c2"
            ],
            "id": "1916e0eb-bad5-4357-a574-800d2f0bd22f",
            "name": "local_endpoint",
            "region": "RegionOne",
            "timeouts": null,
            "type": "subnet"
          },
          "sensitive_attributes": [],
          "private": "eyJlMmJmYjczMC1lY2FhLTExZTYtOGY4OC0zNDM2M2JjN2M0YzAiOnsiY3JlYXRlIjo2MDAwMDAwMDAwMDAsImRlbGV0ZSI6NjAwMDAwMDAwMDAwLCJ1cGRhdGUiOjYwMDAwMDAwMDAwMH19",
          "dependencies": [
            "vkcs_networking_subnet.subnetwork"
          ]
        }
      ]
    },
    {
      "mode": "managed",
      "type": "vkcs_vpnaas_ike_policy",
      "name": "policy_2",
      "provider": "provider[\"registry.terraform.io/vk-cs/vkcs\"]",
      "instances": [
        {
          "schema_version": 0,
          "attributes": {
            "auth_algorithm": "sha1",
            "description": "",
            "encryption_algorithm": "aes-128",
            "id": "7b85a806-aa57-4900-b202-953a141f60cd",
            "ike_version": "v1",
            "lifetime": [
              {
                "units": "seconds",
                "value": 3600
              }
            ],
            "name": "ike-policy",
            "pfs": "group5",
            "phase1_negotiation_mode": "main",
            "region": "RegionOne",
            "timeouts": null
          },
          "sensitive_attributes": [],
          "private": "eyJlMmJmYjczMC1lY2FhLTExZTYtOGY4OC0zNDM2M2JjN2M0YzAiOnsiY3JlYXRlIjo2MDAwMDAwMDAwMDB9fQ=="
        }
      ]
    },
    {
      "mode": "managed",
      "type": "vkcs_vpnaas_ipsec_policy",
      "name": "policy_1",
      "provider": "provider[\"registry.terraform.io/vk-cs/vkcs\"]",
      "instances": [
        {
          "schema_version": 0,
          "attributes": {
            "auth_algorithm": "sha1",
            "description": "",
            "encapsulation_mode": "tunnel",
            "encryption_algorithm": "aes-128",
            "id": "358f8526-0e18-4a62-bb99-0bf11f3156e6",
            "lifetime": [
              {
                "units": "seconds",
                "value": 3600
              }
            ],
            "name": "ipsec-policy",
            "pfs": "group5",
            "region": "RegionOne",
            "timeouts": null,
            "transform_protocol": "esp"
          },
          "sensitive_attributes": [],
          "private": "eyJlMmJmYjczMC1lY2FhLTExZTYtOGY4OC0zNDM2M2JjN2M0YzAiOnsiY3JlYXRlIjo2MDAwMDAwMDAwMDB9fQ=="
        }
      ]
    },
    {
      "mode": "managed",
      "type": "vkcs_vpnaas_service",
      "name": "service",
      "provider": "provider[\"registry.terraform.io/vk-cs/vkcs\"]",
      "instances": [
        {
          "schema_version": 0,
          "attributes": {
            "admin_state_up": true,
            "description": "",
            "external_v4_ip": "109.120.190.41",
            "external_v6_ip": "",
            "id": "3b83ddc5-2934-4869-9094-950d3c8ff9a5",
            "name": "",
            "region": "RegionOne",
            "router_id": "7ab25150-7ad5-4f5d-abe9-a1ed323858cd",
            "status": "PENDING_CREATE",
            "subnet_id": "",
            "timeouts": null
          },
          "sensitive_attributes": [],
          "private": "eyJlMmJmYjczMC1lY2FhLTExZTYtOGY4OC0zNDM2M2JjN2M0YzAiOnsiY3JlYXRlIjo2MDAwMDAwMDAwMDAsImRlbGV0ZSI6NjAwMDAwMDAwMDAwLCJ1cGRhdGUiOjYwMDAwMDAwMDAwMH19",
          "dependencies": [
            "data.vkcs_networking_network.extnet",
            "vkcs_networking_router.router"
          ]
        }
      ]
    },
    {
      "mode": "managed",
      "type": "vkcs_vpnaas_site_connection",
      "name": "connection",
      "provider": "provider[\"registry.terraform.io/vk-cs/vkcs\"]",
      "instances": [
        {
          "schema_version": 0,
          "attributes": {
            "admin_state_up": true,
            "description": "",
            "dpd": [
              {
                "action": "restart",
                "interval": 21,
                "timeout": 42
              }
            ],
            "id": "8ed45e79-87b2-4876-8876-600cdd3abeb4",
            "ikepolicy_id": "7b85a806-aa57-4900-b202-953a141f60cd",
            "initiator": "bi-directional",
            "ipsecpolicy_id": "358f8526-0e18-4a62-bb99-0bf11f3156e6",
            "local_ep_group_id": "1916e0eb-bad5-4357-a574-800d2f0bd22f",
            "local_id": "",
            "mtu": 1500,
            "name": "connection",
            "peer_address": "85.192.32.228",
            "peer_cidrs": null,
            "peer_ep_group_id": "55c62877-bff5-49c9-9409-ad8a55373122",
            "peer_id": "85.192.32.228",
            "psk": "P@ssw0rdP@ssw0rd",
            "region": null,
            "timeouts": null,
            "vpnservice_id": "3b83ddc5-2934-4869-9094-950d3c8ff9a5"
          },
          "sensitive_attributes": [],
          "private": "eyJlMmJmYjczMC1lY2FhLTExZTYtOGY4OC0zNDM2M2JjN2M0YzAiOnsiY3JlYXRlIjo2MDAwMDAwMDAwMDAsImRlbGV0ZSI6NjAwMDAwMDAwMDAwLCJ1cGRhdGUiOjYwMDAwMDAwMDAwMH19",
          "dependencies": [
            "data.vkcs_networking_network.extnet",
            "vkcs_networking_router.router",
            "vkcs_networking_router_interface.db",
            "vkcs_networking_subnet.subnetwork",
            "vkcs_vpnaas_endpoint_group.group_1",
            "vkcs_vpnaas_endpoint_group.group_2",
            "vkcs_vpnaas_ike_policy.policy_2",
            "vkcs_vpnaas_ipsec_policy.policy_1",
            "vkcs_vpnaas_service.service"
          ]
        }
      ]
    }
  ],
  "check_results": null
}
